
Microsoft Visual Studio Solution File, Format Version 12.00
# Visual Studio Version 16
VisualStudioVersion = 16.0.31205.134
MinimumVisualStudioVersion = 10.0.40219.1
Project("{9A19103F-16F7-4668-BE54-9A1E7A4F7556}") = "API", "API\API.csproj", "{87A5B8CB-D038-401E-89D2-291E94000CE5}"
EndProject
Project("{FAE04EC0-301F-11D3-BF4B-00C04F79EFBC}") = "CORS", "CORS\CORS.csproj", "{BB7CF885-6BB9-4043-9BCE-ABC7DC6B5AFE}"
EndProject
Global
	GlobalSection(SolutionConfigurationPlatforms) = preSolution
		Debug|Any CPU = Debug|Any CPU
		Release|Any CPU = Release|Any CPU
	EndGlobalSection
	GlobalSection(ProjectConfigurationPlatforms) = postSolution
		{87A5B8CB-D038-401E-89D2-291E94000CE5}.Debug|Any CPU.ActiveCfg = Debug|Any CPU
		{87A5B8CB-D038-401E-89D2-291E94000CE5}.Debug|Any CPU.Build.0 = Debug|Any CPU
		{87A5B8CB-D038-401E-89D2-291E94000CE5}.Release|Any CPU.ActiveCfg = Release|Any CPU
		{87A5B8CB-D038-401E-89D2-291E94000CE5}.Release|Any CPU.Build.0 = Release|Any CPU
		{BB7CF885-6BB9-4043-9BCE-ABC7DC6B5AFE}.Debug|Any CPU.ActiveCfg = Debug|Any CPU
		{BB7CF885-6BB9-4043-9BCE-ABC7DC6B5AFE}.Debug|Any CPU.Build.0 = Debug|Any CPU
		{BB7CF885-6BB9-4043-9BCE-ABC7DC6B5AFE}.Release|Any CPU.ActiveCfg = Release|Any CPU
		{BB7CF885-6BB9-4043-9BCE-ABC7DC6B5AFE}.Release|Any CPU.Build.0 = Release|Any CPU
	EndGlobalSection
	GlobalSection(SolutionProperties) = preSolution
		HideSolutionNode = FALSE
	EndGlobalSection
	GlobalSection(ExtensibilityGlobals) = postSolution
		SolutionGuid = {84D8A503-606E-45ED-82A3-5B64E12CFD5F}
	EndGlobalSection
EndGlobal
